
Microsoft Visual Studio Solution File, Format Version 12.00
# Visual Studio Version 17
VisualStudioVersion = 17.1.32210.238
MinimumVisualStudioVersion = 10.0.40219.1
Project("{9A19103F-16F7-4668-BE54-9A1E7A4F7556}") = "SimplestEcommerceCRUD", "SimplestEcommerceCRUD\SimplestEcommerceCRUD.csproj", "{34908A99-1EE1-47E4-AE01-732EE436C91E}"
EndProject
Project("{FAE04EC0-301F-11D3-BF4B-00C04F79EFBC}") = "SimplestEcommerceCRUD.Repository", "SimplestEcommerceCRUD.Repository\SimplestEcommerceCRUD.Repository.csproj", "{AEFD7F38-6AE4-4377-AB52-1DEDD9523F2A}"
EndProject
Project("{FAE04EC0-301F-11D3-BF4B-00C04F79EFBC}") = "SimplestEcommerceCRUD.Domain", "SimplestEcommerceCRUD.Domain\SimplestEcommerceCRUD.Domain.csproj", "{9F11936A-EBC0-45D6-894D-728B4ECC1C5A}"
EndProject
Global
	GlobalSection(SolutionConfigurationPlatforms) = preSolution
		Debug|Any CPU = Debug|Any CPU
		Release|Any CPU = Release|Any CPU
	EndGlobalSection
	GlobalSection(ProjectConfigurationPlatforms) = postSolution
		{34908A99-1EE1-47E4-AE01-732EE436C91E}.Debug|Any CPU.ActiveCfg = Debug|Any CPU
		{34908A99-1EE1-47E4-AE01-732EE436C91E}.Debug|Any CPU.Build.0 = Debug|Any CPU
		{34908A99-1EE1-47E4-AE01-732EE436C91E}.Release|Any CPU.ActiveCfg = Release|Any CPU
		{34908A99-1EE1-47E4-AE01-732EE436C91E}.Release|Any CPU.Build.0 = Release|Any CPU
		{AEFD7F38-6AE4-4377-AB52-1DEDD9523F2A}.Debug|Any CPU.ActiveCfg = Debug|Any CPU
		{AEFD7F38-6AE4-4377-AB52-1DEDD9523F2A}.Debug|Any CPU.Build.0 = Debug|Any CPU
		{AEFD7F38-6AE4-4377-AB52-1DEDD9523F2A}.Release|Any CPU.ActiveCfg = Release|Any CPU
		{AEFD7F38-6AE4-4377-AB52-1DEDD9523F2A}.Release|Any CPU.Build.0 = Release|Any CPU
		{9F11936A-EBC0-45D6-894D-728B4ECC1C5A}.Debug|Any CPU.ActiveCfg = Debug|Any CPU
		{9F11936A-EBC0-45D6-894D-728B4ECC1C5A}.Debug|Any CPU.Build.0 = Debug|Any CPU
		{9F11936A-EBC0-45D6-894D-728B4ECC1C5A}.Release|Any CPU.ActiveCfg = Release|Any CPU
		{9F11936A-EBC0-45D6-894D-728B4ECC1C5A}.Release|Any CPU.Build.0 = Release|Any CPU
	EndGlobalSection
	GlobalSection(SolutionProperties) = preSolution
		HideSolutionNode = FALSE
	EndGlobalSection
	GlobalSection(ExtensibilityGlobals) = postSolution
		SolutionGuid = {C56876B2-DF73-40A7-B01E-EBE46F21E605}
	EndGlobalSection
EndGlobal
